
Microsoft Visual Studio Solution File, Format Version 12.00
# Visual Studio Version 17
VisualStudioVersion = 17.2.32210.308
MinimumVisualStudioVersion = 10.0.40219.1
Project("{2150E333-8FDC-42A3-9474-1A3956D46DE8}") = "src", "src", "{8D069BC7-B62E-4349-9DE0-0BF140EE3FF9}"
EndProject
Project("{2150E333-8FDC-42A3-9474-1A3956D46DE8}") = "tests", "tests", "{4AD557F6-04AF-4ECC-A1EB-2BE1208AA94C}"
EndProject
Project("{2150E333-8FDC-42A3-9474-1A3956D46DE8}") = "samples", "samples", "{44E54204-4497-43C1-AAF9-43AFFD5FB5F2}"
EndProject
Project("{9A19103F-16F7-4668-BE54-9A1E7A4F7556}") = "unit", "tests\unit\unit.csproj", "{FF8B7181-F526-4624-A4E2-5AA3B809ED79}"
EndProject
Project("{9A19103F-16F7-4668-BE54-9A1E7A4F7556}") = "APES.UI.XF", "src\APES.UI.XF.csproj", "{53559169-EC01-4D52-9348-092783E9E5F0}"
EndProject
Project("{9A19103F-16F7-4668-BE54-9A1E7A4F7556}") = "APES.UI.MAUI.Sample", "samples\APES.UI.MAUI.Sample\APES.UI.MAUI.Sample.csproj", "{6D3BEB7F-E3F6-41EF-8BDC-DF56EC39EBE8}"
EndProject
Project("{FAE04EC0-301F-11D3-BF4B-00C04F79EFBC}") = "UITests.Android", "tests\ui\android\UITests.Android.csproj", "{D8A45F20-EE39-4010-9DBE-39E61DCB805D}"
EndProject
Project("{FAE04EC0-301F-11D3-BF4B-00C04F79EFBC}") = "UITests.Windows", "tests\ui\windows\UITests.Windows.csproj", "{82241A91-6707-4D7A-8531-D80AE15D844F}"
EndProject
Project("{FAE04EC0-301F-11D3-BF4B-00C04F79EFBC}") = "UITests.Shared", "tests\ui\shared\UITests.Shared.csproj", "{3A414DF6-84A0-4110-BD99-04232449BA75}"
EndProject
Project("{2150E333-8FDC-42A3-9474-1A3956D46DE8}") = "sln", "sln", "{278630DA-288B-4910-BF01-ED09346C577A}"
	ProjectSection(SolutionItems) = preProject
		Directory.Build.props = Directory.Build.props
		Directory.Packages.props = Directory.Packages.props
		flake.lock = flake.lock
		flake.nix = flake.nix
		GitVersion.yml = GitVersion.yml
		global.json = global.json
		LICENSE = LICENSE
		nuget.config = nuget.config
		pack.ps1 = pack.ps1
		README.md = README.md
		shell.nix = shell.nix
	EndProjectSection
EndProject
Project("{FAE04EC0-301F-11D3-BF4B-00C04F79EFBC}") = "UITests.iOS", "tests\ui\ios\UITests.iOS.csproj", "{35622AC2-6128-41AE-92DF-9ECC68C24B0F}"
EndProject
Global
	GlobalSection(SolutionConfigurationPlatforms) = preSolution
		Debug|Any CPU = Debug|Any CPU
		Debug|ARM = Debug|ARM
		Debug|ARM64 = Debug|ARM64
		Debug|iPhone = Debug|iPhone
		Debug|iPhoneSimulator = Debug|iPhoneSimulator
		Debug|x64 = Debug|x64
		Debug|x86 = Debug|x86
		MonoDroid10|Any CPU = MonoDroid10|Any CPU
		MonoDroid10|ARM = MonoDroid10|ARM
		MonoDroid10|ARM64 = MonoDroid10|ARM64
		MonoDroid10|iPhone = MonoDroid10|iPhone
		MonoDroid10|iPhoneSimulator = MonoDroid10|iPhoneSimulator
		MonoDroid10|x64 = MonoDroid10|x64
		MonoDroid10|x86 = MonoDroid10|x86
		Release|Any CPU = Release|Any CPU
		Release|ARM = Release|ARM
		Release|ARM64 = Release|ARM64
		Release|iPhone = Release|iPhone
		Release|iPhoneSimulator = Release|iPhoneSimulator
		Release|x64 = Release|x64
		Release|x86 = Release|x86
	EndGlobalSection
	GlobalSection(ProjectConfigurationPlatforms) = postSolution
		{FF8B7181-F526-4624-A4E2-5AA3B809ED79}.Debug|Any CPU.ActiveCfg = Debug|Any CPU
		{FF8B7181-F526-4624-A4E2-5AA3B809ED79}.Debug|Any CPU.Build.0 = Debug|Any CPU
		{FF8B7181-F526-4624-A4E2-5AA3B809ED79}.Debug|ARM.ActiveCfg = Debug|Any CPU
		{FF8B7181-F526-4624-A4E2-5AA3B809ED79}.Debug|ARM.Build.0 = Debug|Any CPU
		{FF8B7181-F526-4624-A4E2-5AA3B809ED79}.Debug|ARM64.ActiveCfg = Debug|Any CPU
		{FF8B7181-F526-4624-A4E2-5AA3B809ED79}.Debug|ARM64.Build.0 = Debug|Any CPU
		{FF8B7181-F526-4624-A4E2-5AA3B809ED79}.Debug|iPhone.ActiveCfg = Debug|Any CPU
		{FF8B7181-F526-4624-A4E2-5AA3B809ED79}.Debug|iPhone.Build.0 = Debug|Any CPU
		{FF8B7181-F526-4624-A4E2-5AA3B809ED79}.Debug|iPhoneSimulator.ActiveCfg = Debug|Any CPU
		{FF8B7181-F526-4624-A4E2-5AA3B809ED79}.Debug|iPhoneSimulator.Build.0 = Debug|Any CPU
		{FF8B7181-F526-4624-A4E2-5AA3B809ED79}.Debug|x64.ActiveCfg = Debug|Any CPU
		{FF8B7181-F526-4624-A4E2-5AA3B809ED79}.Debug|x64.Build.0 = Debug|Any CPU
		{FF8B7181-F526-4624-A4E2-5AA3B809ED79}.Debug|x86.ActiveCfg = Debug|Any CPU
		{FF8B7181-F526-4624-A4E2-5AA3B809ED79}.Debug|x86.Build.0 = Debug|Any CPU
		{FF8B7181-F526-4624-A4E2-5AA3B809ED79}.MonoDroid10|Any CPU.ActiveCfg = Release|Any CPU
		{FF8B7181-F526-4624-A4E2-5AA3B809ED79}.MonoDroid10|Any CPU.Build.0 = Release|Any CPU
		{FF8B7181-F526-4624-A4E2-5AA3B809ED79}.MonoDroid10|ARM.ActiveCfg = Release|Any CPU
		{FF8B7181-F526-4624-A4E2-5AA3B809ED79}.MonoDroid10|ARM.Build.0 = Release|Any CPU
		{FF8B7181-F526-4624-A4E2-5AA3B809ED79}.MonoDroid10|ARM64.ActiveCfg = Release|Any CPU
		{FF8B7181-F526-4624-A4E2-5AA3B809ED79}.MonoDroid10|ARM64.Build.0 = Release|Any CPU
		{FF8B7181-F526-4624-A4E2-5AA3B809ED79}.MonoDroid10|iPhone.ActiveCfg = Release|Any CPU
		{FF8B7181-F526-4624-A4E2-5AA3B809ED79}.MonoDroid10|iPhone.Build.0 = Release|Any CPU
		{FF8B7181-F526-4624-A4E2-5AA3B809ED79}.MonoDroid10|iPhoneSimulator.ActiveCfg = Release|Any CPU
		{FF8B7181-F526-4624-A4E2-5AA3B809ED79}.MonoDroid10|iPhoneSimulator.Build.0 = Release|Any CPU
		{FF8B7181-F526-4624-A4E2-5AA3B809ED79}.MonoDroid10|x64.ActiveCfg = Release|Any CPU
		{FF8B7181-F526-4624-A4E2-5AA3B809ED79}.MonoDroid10|x64.Build.0 = Release|Any CPU
		{FF8B7181-F526-4624-A4E2-5AA3B809ED79}.MonoDroid10|x86.ActiveCfg = Release|Any CPU
		{FF8B7181-F526-4624-A4E2-5AA3B809ED79}.MonoDroid10|x86.Build.0 = Release|Any CPU
		{FF8B7181-F526-4624-A4E2-5AA3B809ED79}.Release|Any CPU.ActiveCfg = Release|Any CPU
		{FF8B7181-F526-4624-A4E2-5AA3B809ED79}.Release|Any CPU.Build.0 = Release|Any CPU
		{FF8B7181-F526-4624-A4E2-5AA3B809ED79}.Release|ARM.ActiveCfg = Release|Any CPU
		{FF8B7181-F526-4624-A4E2-5AA3B809ED79}.Release|ARM.Build.0 = Release|Any CPU
		{FF8B7181-F526-4624-A4E2-5AA3B809ED79}.Release|ARM64.ActiveCfg = Release|Any CPU
		{FF8B7181-F526-4624-A4E2-5AA3B809ED79}.Release|ARM64.Build.0 = Release|Any CPU
		{FF8B7181-F526-4624-A4E2-5AA3B809ED79}.Release|iPhone.ActiveCfg = Release|Any CPU
		{FF8B7181-F526-4624-A4E2-5AA3B809ED79}.Release|iPhone.Build.0 = Release|Any CPU
		{FF8B7181-F526-4624-A4E2-5AA3B809ED79}.Release|iPhoneSimulator.ActiveCfg = Release|Any CPU
		{FF8B7181-F526-4624-A4E2-5AA3B809ED79}.Release|iPhoneSimulator.Build.0 = Release|Any CPU
		{FF8B7181-F526-4624-A4E2-5AA3B809ED79}.Release|x64.ActiveCfg = Release|Any CPU
		{FF8B7181-F526-4624-A4E2-5AA3B809ED79}.Release|x64.Build.0 = Release|Any CPU
		{FF8B7181-F526-4624-A4E2-5AA3B809ED79}.Release|x86.ActiveCfg = Release|Any CPU
		{FF8B7181-F526-4624-A4E2-5AA3B809ED79}.Release|x86.Build.0 = Release|Any CPU
		{53559169-EC01-4D52-9348-092783E9E5F0}.Debug|Any CPU.ActiveCfg = Debug|Any CPU
		{53559169-EC01-4D52-9348-092783E9E5F0}.Debug|Any CPU.Build.0 = Debug|Any CPU
		{53559169-EC01-4D52-9348-092783E9E5F0}.Debug|ARM.ActiveCfg = Debug|Any CPU
		{53559169-EC01-4D52-9348-092783E9E5F0}.Debug|ARM.Build.0 = Debug|Any CPU
		{53559169-EC01-4D52-9348-092783E9E5F0}.Debug|ARM64.ActiveCfg = Debug|Any CPU
		{53559169-EC01-4D52-9348-092783E9E5F0}.Debug|ARM64.Build.0 = Debug|Any CPU
		{53559169-EC01-4D52-9348-092783E9E5F0}.Debug|iPhone.ActiveCfg = Debug|Any CPU
		{53559169-EC01-4D52-9348-092783E9E5F0}.Debug|iPhone.Build.0 = Debug|Any CPU
		{53559169-EC01-4D52-9348-092783E9E5F0}.Debug|iPhoneSimulator.ActiveCfg = Debug|Any CPU
		{53559169-EC01-4D52-9348-092783E9E5F0}.Debug|iPhoneSimulator.Build.0 = Debug|Any CPU
		{53559169-EC01-4D52-9348-092783E9E5F0}.Debug|x64.ActiveCfg = Debug|Any CPU
		{53559169-EC01-4D52-9348-092783E9E5F0}.Debug|x64.Build.0 = Debug|Any CPU
		{53559169-EC01-4D52-9348-092783E9E5F0}.Debug|x86.ActiveCfg = Debug|Any CPU
		{53559169-EC01-4D52-9348-092783E9E5F0}.Debug|x86.Build.0 = Debug|Any CPU
		{53559169-EC01-4D52-9348-092783E9E5F0}.MonoDroid10|Any CPU.ActiveCfg = Debug|Any CPU
		{53559169-EC01-4D52-9348-092783E9E5F0}.MonoDroid10|Any CPU.Build.0 = Debug|Any CPU
		{53559169-EC01-4D52-9348-092783E9E5F0}.MonoDroid10|ARM.ActiveCfg = Debug|Any CPU
		{53559169-EC01-4D52-9348-092783E9E5F0}.MonoDroid10|ARM.Build.0 = Debug|Any CPU
		{53559169-EC01-4D52-9348-092783E9E5F0}.MonoDroid10|ARM64.ActiveCfg = Debug|Any CPU
		{53559169-EC01-4D52-9348-092783E9E5F0}.MonoDroid10|ARM64.Build.0 = Debug|Any CPU
		{53559169-EC01-4D52-9348-092783E9E5F0}.MonoDroid10|iPhone.ActiveCfg = Debug|Any CPU
		{53559169-EC01-4D52-9348-092783E9E5F0}.MonoDroid10|iPhone.Build.0 = Debug|Any CPU
		{53559169-EC01-4D52-9348-092783E9E5F0}.MonoDroid10|iPhoneSimulator.ActiveCfg = Debug|Any CPU
		{53559169-EC01-4D52-9348-092783E9E5F0}.MonoDroid10|iPhoneSimulator.Build.0 = Debug|Any CPU
		{53559169-EC01-4D52-9348-092783E9E5F0}.MonoDroid10|x64.ActiveCfg = Debug|Any CPU
		{53559169-EC01-4D52-9348-092783E9E5F0}.MonoDroid10|x64.Build.0 = Debug|Any CPU
		{53559169-EC01-4D52-9348-092783E9E5F0}.MonoDroid10|x86.ActiveCfg = Debug|Any CPU
		{53559169-EC01-4D52-9348-092783E9E5F0}.MonoDroid10|x86.Build.0 = Debug|Any CPU
		{53559169-EC01-4D52-9348-092783E9E5F0}.Release|Any CPU.ActiveCfg = Release|Any CPU
		{53559169-EC01-4D52-9348-092783E9E5F0}.Release|Any CPU.Build.0 = Release|Any CPU
		{53559169-EC01-4D52-9348-092783E9E5F0}.Release|ARM.ActiveCfg = Release|Any CPU
		{53559169-EC01-4D52-9348-092783E9E5F0}.Release|ARM.Build.0 = Release|Any CPU
		{53559169-EC01-4D52-9348-092783E9E5F0}.Release|ARM64.ActiveCfg = Release|Any CPU
		{53559169-EC01-4D52-9348-092783E9E5F0}.Release|ARM64.Build.0 = Release|Any CPU
		{53559169-EC01-4D52-9348-092783E9E5F0}.Release|iPhone.ActiveCfg = Release|Any CPU
		{53559169-EC01-4D52-9348-092783E9E5F0}.Release|iPhone.Build.0 = Release|Any CPU
		{53559169-EC01-4D52-9348-092783E9E5F0}.Release|iPhoneSimulator.ActiveCfg = Release|Any CPU
		{53559169-EC01-4D52-9348-092783E9E5F0}.Release|iPhoneSimulator.Build.0 = Release|Any CPU
		{53559169-EC01-4D52-9348-092783E9E5F0}.Release|x64.ActiveCfg = Release|Any CPU
		{53559169-EC01-4D52-9348-092783E9E5F0}.Release|x64.Build.0 = Release|Any CPU
		{53559169-EC01-4D52-9348-092783E9E5F0}.Release|x86.ActiveCfg = Release|Any CPU
		{53559169-EC01-4D52-9348-092783E9E5F0}.Release|x86.Build.0 = Release|Any CPU
		{6D3BEB7F-E3F6-41EF-8BDC-DF56EC39EBE8}.Debug|Any CPU.ActiveCfg = Debug|Any CPU
		{6D3BEB7F-E3F6-41EF-8BDC-DF56EC39EBE8}.Debug|Any CPU.Build.0 = Debug|Any CPU
		{6D3BEB7F-E3F6-41EF-8BDC-DF56EC39EBE8}.Debug|Any CPU.Deploy.0 = Debug|Any CPU
		{6D3BEB7F-E3F6-41EF-8BDC-DF56EC39EBE8}.Debug|ARM.ActiveCfg = Debug|Any CPU
		{6D3BEB7F-E3F6-41EF-8BDC-DF56EC39EBE8}.Debug|ARM.Build.0 = Debug|Any CPU
		{6D3BEB7F-E3F6-41EF-8BDC-DF56EC39EBE8}.Debug|ARM64.ActiveCfg = Debug|Any CPU
		{6D3BEB7F-E3F6-41EF-8BDC-DF56EC39EBE8}.Debug|ARM64.Build.0 = Debug|Any CPU
		{6D3BEB7F-E3F6-41EF-8BDC-DF56EC39EBE8}.Debug|iPhone.ActiveCfg = Debug|Any CPU
		{6D3BEB7F-E3F6-41EF-8BDC-DF56EC39EBE8}.Debug|iPhone.Build.0 = Debug|Any CPU
		{6D3BEB7F-E3F6-41EF-8BDC-DF56EC39EBE8}.Debug|iPhoneSimulator.ActiveCfg = Debug|Any CPU
		{6D3BEB7F-E3F6-41EF-8BDC-DF56EC39EBE8}.Debug|iPhoneSimulator.Build.0 = Debug|Any CPU
		{6D3BEB7F-E3F6-41EF-8BDC-DF56EC39EBE8}.Debug|x64.ActiveCfg = Debug|Any CPU
		{6D3BEB7F-E3F6-41EF-8BDC-DF56EC39EBE8}.Debug|x64.Build.0 = Debug|Any CPU
		{6D3BEB7F-E3F6-41EF-8BDC-DF56EC39EBE8}.Debug|x86.ActiveCfg = Debug|Any CPU
		{6D3BEB7F-E3F6-41EF-8BDC-DF56EC39EBE8}.Debug|x86.Build.0 = Debug|Any CPU
		{6D3BEB7F-E3F6-41EF-8BDC-DF56EC39EBE8}.MonoDroid10|Any CPU.ActiveCfg = Debug|Any CPU
		{6D3BEB7F-E3F6-41EF-8BDC-DF56EC39EBE8}.MonoDroid10|Any CPU.Build.0 = Debug|Any CPU
		{6D3BEB7F-E3F6-41EF-8BDC-DF56EC39EBE8}.MonoDroid10|ARM.ActiveCfg = Debug|Any CPU
		{6D3BEB7F-E3F6-41EF-8BDC-DF56EC39EBE8}.MonoDroid10|ARM.Build.0 = Debug|Any CPU
		{6D3BEB7F-E3F6-41EF-8BDC-DF56EC39EBE8}.MonoDroid10|ARM64.ActiveCfg = Debug|Any CPU
		{6D3BEB7F-E3F6-41EF-8BDC-DF56EC39EBE8}.MonoDroid10|ARM64.Build.0 = Debug|Any CPU
		{6D3BEB7F-E3F6-41EF-8BDC-DF56EC39EBE8}.MonoDroid10|iPhone.ActiveCfg = Debug|Any CPU
		{6D3BEB7F-E3F6-41EF-8BDC-DF56EC39EBE8}.MonoDroid10|iPhone.Build.0 = Debug|Any CPU
		{6D3BEB7F-E3F6-41EF-8BDC-DF56EC39EBE8}.MonoDroid10|iPhoneSimulator.ActiveCfg = Debug|Any CPU
		{6D3BEB7F-E3F6-41EF-8BDC-DF56EC39EBE8}.MonoDroid10|iPhoneSimulator.Build.0 = Debug|Any CPU
		{6D3BEB7F-E3F6-41EF-8BDC-DF56EC39EBE8}.MonoDroid10|x64.ActiveCfg = Debug|Any CPU
		{6D3BEB7F-E3F6-41EF-8BDC-DF56EC39EBE8}.MonoDroid10|x64.Build.0 = Debug|Any CPU
		{6D3BEB7F-E3F6-41EF-8BDC-DF56EC39EBE8}.MonoDroid10|x86.ActiveCfg = Debug|Any CPU
		{6D3BEB7F-E3F6-41EF-8BDC-DF56EC39EBE8}.MonoDroid10|x86.Build.0 = Debug|Any CPU
		{6D3BEB7F-E3F6-41EF-8BDC-DF56EC39EBE8}.Release|Any CPU.ActiveCfg = Release|Any CPU
		{6D3BEB7F-E3F6-41EF-8BDC-DF56EC39EBE8}.Release|Any CPU.Build.0 = Release|Any CPU
		{6D3BEB7F-E3F6-41EF-8BDC-DF56EC39EBE8}.Release|ARM.ActiveCfg = Release|Any CPU
		{6D3BEB7F-E3F6-41EF-8BDC-DF56EC39EBE8}.Release|ARM.Build.0 = Release|Any CPU
		{6D3BEB7F-E3F6-41EF-8BDC-DF56EC39EBE8}.Release|ARM64.ActiveCfg = Release|Any CPU
		{6D3BEB7F-E3F6-41EF-8BDC-DF56EC39EBE8}.Release|ARM64.Build.0 = Release|Any CPU
		{6D3BEB7F-E3F6-41EF-8BDC-DF56EC39EBE8}.Release|iPhone.ActiveCfg = Release|Any CPU
		{6D3BEB7F-E3F6-41EF-8BDC-DF56EC39EBE8}.Release|iPhone.Build.0 = Release|Any CPU
		{6D3BEB7F-E3F6-41EF-8BDC-DF56EC39EBE8}.Release|iPhoneSimulator.ActiveCfg = Release|Any CPU
		{6D3BEB7F-E3F6-41EF-8BDC-DF56EC39EBE8}.Release|iPhoneSimulator.Build.0 = Release|Any CPU
		{6D3BEB7F-E3F6-41EF-8BDC-DF56EC39EBE8}.Release|x64.ActiveCfg = Release|Any CPU
		{6D3BEB7F-E3F6-41EF-8BDC-DF56EC39EBE8}.Release|x64.Build.0 = Release|Any CPU
		{6D3BEB7F-E3F6-41EF-8BDC-DF56EC39EBE8}.Release|x86.ActiveCfg = Release|Any CPU
		{6D3BEB7F-E3F6-41EF-8BDC-DF56EC39EBE8}.Release|x86.Build.0 = Release|Any CPU
		{D8A45F20-EE39-4010-9DBE-39E61DCB805D}.Debug|Any CPU.ActiveCfg = Debug|Any CPU
		{D8A45F20-EE39-4010-9DBE-39E61DCB805D}.Debug|Any CPU.Build.0 = Debug|Any CPU
		{D8A45F20-EE39-4010-9DBE-39E61DCB805D}.Debug|ARM.ActiveCfg = Debug|Any CPU
		{D8A45F20-EE39-4010-9DBE-39E61DCB805D}.Debug|ARM.Build.0 = Debug|Any CPU
		{D8A45F20-EE39-4010-9DBE-39E61DCB805D}.Debug|ARM64.ActiveCfg = Debug|Any CPU
		{D8A45F20-EE39-4010-9DBE-39E61DCB805D}.Debug|ARM64.Build.0 = Debug|Any CPU
		{D8A45F20-EE39-4010-9DBE-39E61DCB805D}.Debug|iPhone.ActiveCfg = Debug|Any CPU
		{D8A45F20-EE39-4010-9DBE-39E61DCB805D}.Debug|iPhone.Build.0 = Debug|Any CPU
		{D8A45F20-EE39-4010-9DBE-39E61DCB805D}.Debug|iPhoneSimulator.ActiveCfg = Debug|Any CPU
		{D8A45F20-EE39-4010-9DBE-39E61DCB805D}.Debug|iPhoneSimulator.Build.0 = Debug|Any CPU
		{D8A45F20-EE39-4010-9DBE-39E61DCB805D}.Debug|x64.ActiveCfg = Debug|Any CPU
		{D8A45F20-EE39-4010-9DBE-39E61DCB805D}.Debug|x64.Build.0 = Debug|Any CPU
		{D8A45F20-EE39-4010-9DBE-39E61DCB805D}.Debug|x86.ActiveCfg = Debug|Any CPU
		{D8A45F20-EE39-4010-9DBE-39E61DCB805D}.Debug|x86.Build.0 = Debug|Any CPU
		{D8A45F20-EE39-4010-9DBE-39E61DCB805D}.MonoDroid10|Any CPU.ActiveCfg = Debug|Any CPU
		{D8A45F20-EE39-4010-9DBE-39E61DCB805D}.MonoDroid10|Any CPU.Build.0 = Debug|Any CPU
		{D8A45F20-EE39-4010-9DBE-39E61DCB805D}.MonoDroid10|ARM.ActiveCfg = Debug|Any CPU
		{D8A45F20-EE39-4010-9DBE-39E61DCB805D}.MonoDroid10|ARM.Build.0 = Debug|Any CPU
		{D8A45F20-EE39-4010-9DBE-39E61DCB805D}.MonoDroid10|ARM64.ActiveCfg = Debug|Any CPU
		{D8A45F20-EE39-4010-9DBE-39E61DCB805D}.MonoDroid10|ARM64.Build.0 = Debug|Any CPU
		{D8A45F20-EE39-4010-9DBE-39E61DCB805D}.MonoDroid10|iPhone.ActiveCfg = Debug|Any CPU
		{D8A45F20-EE39-4010-9DBE-39E61DCB805D}.MonoDroid10|iPhone.Build.0 = Debug|Any CPU
		{D8A45F20-EE39-4010-9DBE-39E61DCB805D}.MonoDroid10|iPhoneSimulator.ActiveCfg = Debug|Any CPU
		{D8A45F20-EE39-4010-9DBE-39E61DCB805D}.MonoDroid10|iPhoneSimulator.Build.0 = Debug|Any CPU
		{D8A45F20-EE39-4010-9DBE-39E61DCB805D}.MonoDroid10|x64.ActiveCfg = Debug|Any CPU
		{D8A45F20-EE39-4010-9DBE-39E61DCB805D}.MonoDroid10|x64.Build.0 = Debug|Any CPU
		{D8A45F20-EE39-4010-9DBE-39E61DCB805D}.MonoDroid10|x86.ActiveCfg = Debug|Any CPU
		{D8A45F20-EE39-4010-9DBE-39E61DCB805D}.MonoDroid10|x86.Build.0 = Debug|Any CPU
		{D8A45F20-EE39-4010-9DBE-39E61DCB805D}.Release|Any CPU.ActiveCfg = Release|Any CPU
		{D8A45F20-EE39-4010-9DBE-39E61DCB805D}.Release|Any CPU.Build.0 = Release|Any CPU
		{D8A45F20-EE39-4010-9DBE-39E61DCB805D}.Release|ARM.ActiveCfg = Release|Any CPU
		{D8A45F20-EE39-4010-9DBE-39E61DCB805D}.Release|ARM.Build.0 = Release|Any CPU
		{D8A45F20-EE39-4010-9DBE-39E61DCB805D}.Release|ARM64.ActiveCfg = Release|Any CPU
		{D8A45F20-EE39-4010-9DBE-39E61DCB805D}.Release|ARM64.Build.0 = Release|Any CPU
		{D8A45F20-EE39-4010-9DBE-39E61DCB805D}.Release|iPhone.ActiveCfg = Release|Any CPU
		{D8A45F20-EE39-4010-9DBE-39E61DCB805D}.Release|iPhone.Build.0 = Release|Any CPU
		{D8A45F20-EE39-4010-9DBE-39E61DCB805D}.Release|iPhoneSimulator.ActiveCfg = Release|Any CPU
		{D8A45F20-EE39-4010-9DBE-39E61DCB805D}.Release|iPhoneSimulator.Build.0 = Release|Any CPU
		{D8A45F20-EE39-4010-9DBE-39E61DCB805D}.Release|x64.ActiveCfg = Release|Any CPU
		{D8A45F20-EE39-4010-9DBE-39E61DCB805D}.Release|x64.Build.0 = Release|Any CPU
		{D8A45F20-EE39-4010-9DBE-39E61DCB805D}.Release|x86.ActiveCfg = Release|Any CPU
		{D8A45F20-EE39-4010-9DBE-39E61DCB805D}.Release|x86.Build.0 = Release|Any CPU
		{82241A91-6707-4D7A-8531-D80AE15D844F}.Debug|Any CPU.ActiveCfg = Debug|Any CPU
		{82241A91-6707-4D7A-8531-D80AE15D844F}.Debug|Any CPU.Build.0 = Debug|Any CPU
		{82241A91-6707-4D7A-8531-D80AE15D844F}.Debug|ARM.ActiveCfg = Debug|Any CPU
		{82241A91-6707-4D7A-8531-D80AE15D844F}.Debug|ARM.Build.0 = Debug|Any CPU
		{82241A91-6707-4D7A-8531-D80AE15D844F}.Debug|ARM64.ActiveCfg = Debug|Any CPU
		{82241A91-6707-4D7A-8531-D80AE15D844F}.Debug|ARM64.Build.0 = Debug|Any CPU
		{82241A91-6707-4D7A-8531-D80AE15D844F}.Debug|iPhone.ActiveCfg = Debug|Any CPU
		{82241A91-6707-4D7A-8531-D80AE15D844F}.Debug|iPhone.Build.0 = Debug|Any CPU
		{82241A91-6707-4D7A-8531-D80AE15D844F}.Debug|iPhoneSimulator.ActiveCfg = Debug|Any CPU
		{82241A91-6707-4D7A-8531-D80AE15D844F}.Debug|iPhoneSimulator.Build.0 = Debug|Any CPU
		{82241A91-6707-4D7A-8531-D80AE15D844F}.Debug|x64.ActiveCfg = Debug|Any CPU
		{82241A91-6707-4D7A-8531-D80AE15D844F}.Debug|x64.Build.0 = Debug|Any CPU
		{82241A91-6707-4D7A-8531-D80AE15D844F}.Debug|x86.ActiveCfg = Debug|Any CPU
		{82241A91-6707-4D7A-8531-D80AE15D844F}.Debug|x86.Build.0 = Debug|Any CPU
		{82241A91-6707-4D7A-8531-D80AE15D844F}.MonoDroid10|Any CPU.ActiveCfg = Debug|Any CPU
		{82241A91-6707-4D7A-8531-D80AE15D844F}.MonoDroid10|Any CPU.Build.0 = Debug|Any CPU
		{82241A91-6707-4D7A-8531-D80AE15D844F}.MonoDroid10|ARM.ActiveCfg = Debug|Any CPU
		{82241A91-6707-4D7A-8531-D80AE15D844F}.MonoDroid10|ARM.Build.0 = Debug|Any CPU
		{82241A91-6707-4D7A-8531-D80AE15D844F}.MonoDroid10|ARM64.ActiveCfg = Debug|Any CPU
		{82241A91-6707-4D7A-8531-D80AE15D844F}.MonoDroid10|ARM64.Build.0 = Debug|Any CPU
		{82241A91-6707-4D7A-8531-D80AE15D844F}.MonoDroid10|iPhone.ActiveCfg = Debug|Any CPU
		{82241A91-6707-4D7A-8531-D80AE15D844F}.MonoDroid10|iPhone.Build.0 = Debug|Any CPU
		{82241A91-6707-4D7A-8531-D80AE15D844F}.MonoDroid10|iPhoneSimulator.ActiveCfg = Debug|Any CPU
		{82241A91-6707-4D7A-8531-D80AE15D844F}.MonoDroid10|iPhoneSimulator.Build.0 = Debug|Any CPU
		{82241A91-6707-4D7A-8531-D80AE15D844F}.MonoDroid10|x64.ActiveCfg = Debug|Any CPU
		{82241A91-6707-4D7A-8531-D80AE15D844F}.MonoDroid10|x64.Build.0 = Debug|Any CPU
		{82241A91-6707-4D7A-8531-D80AE15D844F}.MonoDroid10|x86.ActiveCfg = Debug|Any CPU
		{82241A91-6707-4D7A-8531-D80AE15D844F}.MonoDroid10|x86.Build.0 = Debug|Any CPU
		{82241A91-6707-4D7A-8531-D80AE15D844F}.Release|Any CPU.ActiveCfg = Release|Any CPU
		{82241A91-6707-4D7A-8531-D80AE15D844F}.Release|Any CPU.Build.0 = Release|Any CPU
		{82241A91-6707-4D7A-8531-D80AE15D844F}.Release|ARM.ActiveCfg = Release|Any CPU
		{82241A91-6707-4D7A-8531-D80AE15D844F}.Release|ARM.Build.0 = Release|Any CPU
		{82241A91-6707-4D7A-8531-D80AE15D844F}.Release|ARM64.ActiveCfg = Release|Any CPU
		{82241A91-6707-4D7A-8531-D80AE15D844F}.Release|ARM64.Build.0 = Release|Any CPU
		{82241A91-6707-4D7A-8531-D80AE15D844F}.Release|iPhone.ActiveCfg = Release|Any CPU
		{82241A91-6707-4D7A-8531-D80AE15D844F}.Release|iPhone.Build.0 = Release|Any CPU
		{82241A91-6707-4D7A-8531-D80AE15D844F}.Release|iPhoneSimulator.ActiveCfg = Release|Any CPU
		{82241A91-6707-4D7A-8531-D80AE15D844F}.Release|iPhoneSimulator.Build.0 = Release|Any CPU
		{82241A91-6707-4D7A-8531-D80AE15D844F}.Release|x64.ActiveCfg = Release|Any CPU
		{82241A91-6707-4D7A-8531-D80AE15D844F}.Release|x64.Build.0 = Release|Any CPU
		{82241A91-6707-4D7A-8531-D80AE15D844F}.Release|x86.ActiveCfg = Release|Any CPU
		{82241A91-6707-4D7A-8531-D80AE15D844F}.Release|x86.Build.0 = Release|Any CPU
		{35622AC2-6128-41AE-92DF-9ECC68C24B0F}.Debug|Any CPU.ActiveCfg = Debug|Any CPU
		{35622AC2-6128-41AE-92DF-9ECC68C24B0F}.Debug|Any CPU.Build.0 = Debug|Any CPU
		{35622AC2-6128-41AE-92DF-9ECC68C24B0F}.Debug|ARM.ActiveCfg = Debug|Any CPU
		{35622AC2-6128-41AE-92DF-9ECC68C24B0F}.Debug|ARM.Build.0 = Debug|Any CPU
		{35622AC2-6128-41AE-92DF-9ECC68C24B0F}.Debug|ARM64.ActiveCfg = Debug|Any CPU
		{35622AC2-6128-41AE-92DF-9ECC68C24B0F}.Debug|ARM64.Build.0 = Debug|Any CPU
		{35622AC2-6128-41AE-92DF-9ECC68C24B0F}.Debug|iPhone.ActiveCfg = Debug|Any CPU
		{35622AC2-6128-41AE-92DF-9ECC68C24B0F}.Debug|iPhone.Build.0 = Debug|Any CPU
		{35622AC2-6128-41AE-92DF-9ECC68C24B0F}.Debug|iPhoneSimulator.ActiveCfg = Debug|Any CPU
		{35622AC2-6128-41AE-92DF-9ECC68C24B0F}.Debug|iPhoneSimulator.Build.0 = Debug|Any CPU
		{35622AC2-6128-41AE-92DF-9ECC68C24B0F}.Debug|x64.ActiveCfg = Debug|Any CPU
		{35622AC2-6128-41AE-92DF-9ECC68C24B0F}.Debug|x64.Build.0 = Debug|Any CPU
		{35622AC2-6128-41AE-92DF-9ECC68C24B0F}.Debug|x86.ActiveCfg = Debug|Any CPU
		{35622AC2-6128-41AE-92DF-9ECC68C24B0F}.Debug|x86.Build.0 = Debug|Any CPU
		{35622AC2-6128-41AE-92DF-9ECC68C24B0F}.MonoDroid10|Any CPU.ActiveCfg = Debug|Any CPU
		{35622AC2-6128-41AE-92DF-9ECC68C24B0F}.MonoDroid10|Any CPU.Build.0 = Debug|Any CPU
		{35622AC2-6128-41AE-92DF-9ECC68C24B0F}.MonoDroid10|ARM.ActiveCfg = Debug|Any CPU
		{35622AC2-6128-41AE-92DF-9ECC68C24B0F}.MonoDroid10|ARM.Build.0 = Debug|Any CPU
		{35622AC2-6128-41AE-92DF-9ECC68C24B0F}.MonoDroid10|ARM64.ActiveCfg = Debug|Any CPU
		{35622AC2-6128-41AE-92DF-9ECC68C24B0F}.MonoDroid10|ARM64.Build.0 = Debug|Any CPU
		{35622AC2-6128-41AE-92DF-9ECC68C24B0F}.MonoDroid10|iPhone.ActiveCfg = Debug|Any CPU
		{35622AC2-6128-41AE-92DF-9ECC68C24B0F}.MonoDroid10|iPhone.Build.0 = Debug|Any CPU
		{35622AC2-6128-41AE-92DF-9ECC68C24B0F}.MonoDroid10|iPhoneSimulator.ActiveCfg = Debug|Any CPU
		{35622AC2-6128-41AE-92DF-9ECC68C24B0F}.MonoDroid10|iPhoneSimulator.Build.0 = Debug|Any CPU
		{35622AC2-6128-41AE-92DF-9ECC68C24B0F}.MonoDroid10|x64.ActiveCfg = Debug|Any CPU
		{35622AC2-6128-41AE-92DF-9ECC68C24B0F}.MonoDroid10|x64.Build.0 = Debug|Any CPU
		{35622AC2-6128-41AE-92DF-9ECC68C24B0F}.MonoDroid10|x86.ActiveCfg = Debug|Any CPU
		{35622AC2-6128-41AE-92DF-9ECC68C24B0F}.MonoDroid10|x86.Build.0 = Debug|Any CPU
		{35622AC2-6128-41AE-92DF-9ECC68C24B0F}.Release|Any CPU.ActiveCfg = Release|Any CPU
		{35622AC2-6128-41AE-92DF-9ECC68C24B0F}.Release|Any CPU.Build.0 = Release|Any CPU
		{35622AC2-6128-41AE-92DF-9ECC68C24B0F}.Release|ARM.ActiveCfg = Release|Any CPU
		{35622AC2-6128-41AE-92DF-9ECC68C24B0F}.Release|ARM.Build.0 = Release|Any CPU
		{35622AC2-6128-41AE-92DF-9ECC68C24B0F}.Release|ARM64.ActiveCfg = Release|Any CPU
		{35622AC2-6128-41AE-92DF-9ECC68C24B0F}.Release|ARM64.Build.0 = Release|Any CPU
		{35622AC2-6128-41AE-92DF-9ECC68C24B0F}.Release|iPhone.ActiveCfg = Release|Any CPU
		{35622AC2-6128-41AE-92DF-9ECC68C24B0F}.Release|iPhone.Build.0 = Release|Any CPU
		{35622AC2-6128-41AE-92DF-9ECC68C24B0F}.Release|iPhoneSimulator.ActiveCfg = Release|Any CPU
		{35622AC2-6128-41AE-92DF-9ECC68C24B0F}.Release|iPhoneSimulator.Build.0 = Release|Any CPU
		{35622AC2-6128-41AE-92DF-9ECC68C24B0F}.Release|x64.ActiveCfg = Release|Any CPU
		{35622AC2-6128-41AE-92DF-9ECC68C24B0F}.Release|x64.Build.0 = Release|Any CPU
		{35622AC2-6128-41AE-92DF-9ECC68C24B0F}.Release|x86.ActiveCfg = Release|Any CPU
		{35622AC2-6128-41AE-92DF-9ECC68C24B0F}.Release|x86.Build.0 = Release|Any CPU
	EndGlobalSection
	GlobalSection(SolutionProperties) = preSolution
		HideSolutionNode = FALSE
	EndGlobalSection
	GlobalSection(NestedProjects) = preSolution
		{FF8B7181-F526-4624-A4E2-5AA3B809ED79} = {4AD557F6-04AF-4ECC-A1EB-2BE1208AA94C}
		{53559169-EC01-4D52-9348-092783E9E5F0} = {8D069BC7-B62E-4349-9DE0-0BF140EE3FF9}
		{6D3BEB7F-E3F6-41EF-8BDC-DF56EC39EBE8} = {44E54204-4497-43C1-AAF9-43AFFD5FB5F2}
		{D8A45F20-EE39-4010-9DBE-39E61DCB805D} = {4AD557F6-04AF-4ECC-A1EB-2BE1208AA94C}
		{82241A91-6707-4D7A-8531-D80AE15D844F} = {4AD557F6-04AF-4ECC-A1EB-2BE1208AA94C}
		{3A414DF6-84A0-4110-BD99-04232449BA75} = {4AD557F6-04AF-4ECC-A1EB-2BE1208AA94C}
		{35622AC2-6128-41AE-92DF-9ECC68C24B0F} = {4AD557F6-04AF-4ECC-A1EB-2BE1208AA94C}
	EndGlobalSection
	GlobalSection(ExtensibilityGlobals) = postSolution
		SolutionGuid = {1F776336-20B3-431D-B3CD-8D07AA121CDA}
	EndGlobalSection
EndGlobal
