{
  "version": 2,
  "dependencies": {
    "Xamarin.iOS,Version=v1.0": {
      "GitVersion.MsBuild": {
        "type": "Direct",
        "requested": "[5.12.0, )",
        "resolved": "5.12.0",
        "contentHash": "dJuigXycpJNOiLT9or7mkHSkGFHgGW3/p6cNNYEKZBa7Hhp1FdX/cvqYWWYhRLpfoZOedeA7aRbYiOB3vW/dvA=="
      },
      "Xamarin.Essentials": {
        "type": "Direct",
        "requested": "[1.8.1, )",
        "resolved": "1.8.1",
        "contentHash": "IzfRGrCrRuytgdQU+Im17Cepib6qUyLj1xfMjn+sDPTfmhmcZotsQCm5Dblm4Vxo9/SGFTdm1OgJUKWzu+dfjw==",
        "dependencies": {
          "System.Numerics.Vectors": "4.5.0"
        }
      },
      "Xamarin.Forms": {
        "type": "Direct",
        "requested": "[5.0.0.2622, )",
        "resolved": "5.0.0.2622",
        "contentHash": "vuhBbYbYM2fir0HkKeWBt3r+KzfJmXQQj4SlRYqRD/3MG9WS385T2VPuvakXMKgsGEkamaRyZacQ8ZPdac6cpA=="
      },
      "System.Numerics.Vectors": {
        "type": "Transitive",
        "resolved": "4.5.0",
        "contentHash": "QQTlPTl06J/iiDbJCiepZ4H//BVraReU4O4EoRw1U02H5TLUIT7xn3GnDp9AXPSlJUDyFs4uWjWafNX6WrAojQ=="
      },
      "apes.ui.sample.shared": {
        "type": "Project",
        "dependencies": {
          "ContextMenuContainer": "[1.1.0.2-preview, )"
        }
      },
      "apes.ui.xf.sample": {
        "type": "Project",
        "dependencies": {
          "APES.UI.Sample.Shared": "[1.0.0, )",
          "ContextMenuContainer": "[1.1.0.2-preview, )",
          "Xamarin.Essentials": "[1.8.1, )",
          "Xamarin.Forms": "[5.0.0.2622, )"
        }
      },
      "ContextMenuContainer": {
        "type": "Project",
        "dependencies": {
          "Xamarin.Forms": "[5.0.0.2622, )"
        }
      }
    },
    "Xamarin.iOS,Version=v1.0/win": {},
    "Xamarin.iOS,Version=v1.0/win-arm64": {},
    "Xamarin.iOS,Version=v1.0/win-x64": {},
    "Xamarin.iOS,Version=v1.0/win-x86": {}
  }
}